// !$*UTF8*$!
{
	archiveVersion = 1;
	classes = {
	};
	objectVersion = 46;
	objects = {

/* Begin PBXBuildFile section */
		44287A8D1A2E647000E90A7B /* OGLRedundantRemover.h in Headers */ = {isa = PBXBuildFile; fileRef = 44287A8B1A2E647000E90A7B /* OGLRedundantRemover.h */; settings = {ATTRIBUTES = (Public, ); }; };
		44287A8E1A2E647000E90A7B /* OGLRedundantRemover.m in Sources */ = {isa = PBXBuildFile; fileRef = 44287A8C1A2E647000E90A7B /* OGLRedundantRemover.m */; };
		44287A911A2E678300E90A7B /* OGLShader.h in Headers */ = {isa = PBXBuildFile; fileRef = 44287A8F1A2E678300E90A7B /* OGLShader.h */; settings = {ATTRIBUTES = (Public, ); }; };
		44287A921A2E678300E90A7B /* OGLShader.m in Sources */ = {isa = PBXBuildFile; fileRef = 44287A901A2E678300E90A7B /* OGLShader.m */; };
		44287A951A2E699700E90A7B /* OGLTexQuadShader.h in Headers */ = {isa = PBXBuildFile; fileRef = 44287A931A2E699700E90A7B /* OGLTexQuadShader.h */; settings = {ATTRIBUTES = (Public, ); }; };
		44287A961A2E699700E90A7B /* OGLTexQuadShader.m in Sources */ = {isa = PBXBuildFile; fileRef = 44287A941A2E699700E90A7B /* OGLTexQuadShader.m */; };
		44287A991A2E6AD500E90A7B /* OGLOffscreenRenderer.h in Headers */ = {isa = PBXBuildFile; fileRef = 44287A971A2E6AD500E90A7B /* OGLOffscreenRenderer.h */; settings = {ATTRIBUTES = (Public, ); }; };
		44287A9A1A2E6AD500E90A7B /* OGLOffscreenRenderer.m in Sources */ = {isa = PBXBuildFile; fileRef = 44287A981A2E6AD500E90A7B /* OGLOffscreenRenderer.m */; };
		44287A9C1A2E6B9000E90A7B /* OGLOffscreenRenderer+Protected.h in Headers */ = {isa = PBXBuildFile; fileRef = 44287A9B1A2E6B9000E90A7B /* OGLOffscreenRenderer+Protected.h */; settings = {ATTRIBUTES = (Public, ); }; };
		44287A9F1A2E8E4D00E90A7B /* OGLTextureAtlas.h in Headers */ = {isa = PBXBuildFile; fileRef = 44287A9D1A2E8E4D00E90A7B /* OGLTextureAtlas.h */; settings = {ATTRIBUTES = (Public, ); }; };
		44287AA01A2E8E4D00E90A7B /* OGLTextureAtlas.m in Sources */ = {isa = PBXBuildFile; fileRef = 44287A9E1A2E8E4D00E90A7B /* OGLTextureAtlas.m */; };
		44287AA61A2E92BF00E90A7B /* OGLTripleBufferQuads.h in Headers */ = {isa = PBXBuildFile; fileRef = 44287AA41A2E92BF00E90A7B /* OGLTripleBufferQuads.h */; settings = {ATTRIBUTES = (Public, ); }; };
		44287AA71A2E92BF00E90A7B /* OGLTripleBufferQuads.m in Sources */ = {isa = PBXBuildFile; fileRef = 44287AA51A2E92BF00E90A7B /* OGLTripleBufferQuads.m */; };
		44287AAA1A2E92D000E90A7B /* OGLTripleBufferTexture.h in Headers */ = {isa = PBXBuildFile; fileRef = 44287AA81A2E92D000E90A7B /* OGLTripleBufferTexture.h */; settings = {ATTRIBUTES = (Public, ); }; };
		44287AAB1A2E92D000E90A7B /* OGLTripleBufferTexture.m in Sources */ = {isa = PBXBuildFile; fileRef = 44287AA91A2E92D000E90A7B /* OGLTripleBufferTexture.m */; };
		44D557581A2E512700168958 /* Ogle.h in Headers */ = {isa = PBXBuildFile; fileRef = 44D557571A2E512700168958 /* Ogle.h */; settings = {ATTRIBUTES = (Public, ); }; };
		44D557721A2E534000168958 /* OGLContext.h in Headers */ = {isa = PBXBuildFile; fileRef = 44D557701A2E534000168958 /* OGLContext.h */; settings = {ATTRIBUTES = (Public, ); }; };
		44D557731A2E534000168958 /* OGLContext.m in Sources */ = {isa = PBXBuildFile; fileRef = 44D557711A2E534000168958 /* OGLContext.m */; };
		44F167981A2F171200C169C9 /* OGLViewController.h in Headers */ = {isa = PBXBuildFile; fileRef = 44F167961A2F171200C169C9 /* OGLViewController.h */; settings = {ATTRIBUTES = (Public, ); }; };
		44F167991A2F171200C169C9 /* OGLViewController.m in Sources */ = {isa = PBXBuildFile; fileRef = 44F167971A2F171200C169C9 /* OGLViewController.m */; };
/* End PBXBuildFile section */

/* Begin PBXFileReference section */
		44287A8B1A2E647000E90A7B /* OGLRedundantRemover.h */ = {isa = PBXFileReference; fileEncoding = 4; lastKnownFileType = sourcecode.c.h; path = OGLRedundantRemover.h; sourceTree = "<group>"; };
		44287A8C1A2E647000E90A7B /* OGLRedundantRemover.m */ = {isa = PBXFileReference; fileEncoding = 4; lastKnownFileType = sourcecode.c.objc; path = OGLRedundantRemover.m; sourceTree = "<group>"; };
		44287A8F1A2E678300E90A7B /* OGLShader.h */ = {isa = PBXFileReference; fileEncoding = 4; lastKnownFileType = sourcecode.c.h; path = OGLShader.h; sourceTree = "<group>"; };
		44287A901A2E678300E90A7B /* OGLShader.m */ = {isa = PBXFileReference; fileEncoding = 4; lastKnownFileType = sourcecode.c.objc; path = OGLShader.m; sourceTree = "<group>"; };
		44287A931A2E699700E90A7B /* OGLTexQuadShader.h */ = {isa = PBXFileReference; fileEncoding = 4; lastKnownFileType = sourcecode.c.h; path = OGLTexQuadShader.h; sourceTree = "<group>"; };
		44287A941A2E699700E90A7B /* OGLTexQuadShader.m */ = {isa = PBXFileReference; fileEncoding = 4; lastKnownFileType = sourcecode.c.objc; path = OGLTexQuadShader.m; sourceTree = "<group>"; };
		44287A971A2E6AD500E90A7B /* OGLOffscreenRenderer.h */ = {isa = PBXFileReference; fileEncoding = 4; lastKnownFileType = sourcecode.c.h; path = OGLOffscreenRenderer.h; sourceTree = "<group>"; };
		44287A981A2E6AD500E90A7B /* OGLOffscreenRenderer.m */ = {isa = PBXFileReference; fileEncoding = 4; lastKnownFileType = sourcecode.c.objc; path = OGLOffscreenRenderer.m; sourceTree = "<group>"; };
		44287A9B1A2E6B9000E90A7B /* OGLOffscreenRenderer+Protected.h */ = {isa = PBXFileReference; fileEncoding = 4; lastKnownFileType = sourcecode.c.h; path = "OGLOffscreenRenderer+Protected.h"; sourceTree = "<group>"; };
		44287A9D1A2E8E4D00E90A7B /* OGLTextureAtlas.h */ = {isa = PBXFileReference; fileEncoding = 4; lastKnownFileType = sourcecode.c.h; path = OGLTextureAtlas.h; sourceTree = "<group>"; };
		44287A9E1A2E8E4D00E90A7B /* OGLTextureAtlas.m */ = {isa = PBXFileReference; fileEncoding = 4; lastKnownFileType = sourcecode.c.objc; path = OGLTextureAtlas.m; sourceTree = "<group>"; };
		44287AA41A2E92BF00E90A7B /* OGLTripleBufferQuads.h */ = {isa = PBXFileReference; fileEncoding = 4; lastKnownFileType = sourcecode.c.h; path = OGLTripleBufferQuads.h; sourceTree = "<group>"; };
		44287AA51A2E92BF00E90A7B /* OGLTripleBufferQuads.m */ = {isa = PBXFileReference; fileEncoding = 4; lastKnownFileType = sourcecode.c.objc; path = OGLTripleBufferQuads.m; sourceTree = "<group>"; };
		44287AA81A2E92D000E90A7B /* OGLTripleBufferTexture.h */ = {isa = PBXFileReference; fileEncoding = 4; lastKnownFileType = sourcecode.c.h; path = OGLTripleBufferTexture.h; sourceTree = "<group>"; };
		44287AA91A2E92D000E90A7B /* OGLTripleBufferTexture.m */ = {isa = PBXFileReference; fileEncoding = 4; lastKnownFileType = sourcecode.c.objc; path = OGLTripleBufferTexture.m; sourceTree = "<group>"; };
		44D557521A2E512700168958 /* Ogle.framework */ = {isa = PBXFileReference; explicitFileType = wrapper.framework; includeInIndex = 0; path = Ogle.framework; sourceTree = BUILT_PRODUCTS_DIR; };
		44D557561A2E512700168958 /* Info.plist */ = {isa = PBXFileReference; lastKnownFileType = text.plist.xml; path = Info.plist; sourceTree = "<group>"; };
		44D557571A2E512700168958 /* Ogle.h */ = {isa = PBXFileReference; lastKnownFileType = sourcecode.c.h; path = Ogle.h; sourceTree = "<group>"; };
		44D557701A2E534000168958 /* OGLContext.h */ = {isa = PBXFileReference; fileEncoding = 4; lastKnownFileType = sourcecode.c.h; path = OGLContext.h; sourceTree = "<group>"; };
		44D557711A2E534000168958 /* OGLContext.m */ = {isa = PBXFileReference; fileEncoding = 4; lastKnownFileType = sourcecode.c.objc; path = OGLContext.m; sourceTree = "<group>"; };
		44F167961A2F171200C169C9 /* OGLViewController.h */ = {isa = PBXFileReference; fileEncoding = 4; lastKnownFileType = sourcecode.c.h; path = OGLViewController.h; sourceTree = "<group>"; };
		44F167971A2F171200C169C9 /* OGLViewController.m */ = {isa = PBXFileReference; fileEncoding = 4; lastKnownFileType = sourcecode.c.objc; path = OGLViewController.m; sourceTree = "<group>"; };
/* End PBXFileReference section */

/* Begin PBXFrameworksBuildPhase section */
		44D5574E1A2E512700168958 /* Frameworks */ = {
			isa = PBXFrameworksBuildPhase;
			buildActionMask = 2147483647;
			files = (
			);
			runOnlyForDeploymentPostprocessing = 0;
		};
/* End PBXFrameworksBuildPhase section */

/* Begin PBXGroup section */
		44D557481A2E512700168958 = {
			isa = PBXGroup;
			children = (
				44D557541A2E512700168958 /* Ogle */,
				44D557531A2E512700168958 /* Products */,
			);
			sourceTree = "<group>";
		};
		44D557531A2E512700168958 /* Products */ = {
			isa = PBXGroup;
			children = (
				44D557521A2E512700168958 /* Ogle.framework */,
			);
			name = Products;
			sourceTree = "<group>";
		};
		44D557541A2E512700168958 /* Ogle */ = {
			isa = PBXGroup;
			children = (
				44D557701A2E534000168958 /* OGLContext.h */,
				44D557711A2E534000168958 /* OGLContext.m */,
				44287A971A2E6AD500E90A7B /* OGLOffscreenRenderer.h */,
				44287A981A2E6AD500E90A7B /* OGLOffscreenRenderer.m */,
				44287A9B1A2E6B9000E90A7B /* OGLOffscreenRenderer+Protected.h */,
				44287A8B1A2E647000E90A7B /* OGLRedundantRemover.h */,
				44287A8C1A2E647000E90A7B /* OGLRedundantRemover.m */,
				44287A8F1A2E678300E90A7B /* OGLShader.h */,
				44287A901A2E678300E90A7B /* OGLShader.m */,
				44287A931A2E699700E90A7B /* OGLTexQuadShader.h */,
				44287A941A2E699700E90A7B /* OGLTexQuadShader.m */,
				44287A9D1A2E8E4D00E90A7B /* OGLTextureAtlas.h */,
				44287A9E1A2E8E4D00E90A7B /* OGLTextureAtlas.m */,
				44287AA41A2E92BF00E90A7B /* OGLTripleBufferQuads.h */,
				44287AA51A2E92BF00E90A7B /* OGLTripleBufferQuads.m */,
				44287AA81A2E92D000E90A7B /* OGLTripleBufferTexture.h */,
				44287AA91A2E92D000E90A7B /* OGLTripleBufferTexture.m */,
				44F167961A2F171200C169C9 /* OGLViewController.h */,
				44F167971A2F171200C169C9 /* OGLViewController.m */,
				44D557571A2E512700168958 /* Ogle.h */,
				44D557551A2E512700168958 /* Supporting Files */,
			);
			path = Ogle;
			sourceTree = "<group>";
		};
		44D557551A2E512700168958 /* Supporting Files */ = {
			isa = PBXGroup;
			children = (
				44D557561A2E512700168958 /* Info.plist */,
			);
			name = "Supporting Files";
			sourceTree = "<group>";
		};
/* End PBXGroup section */

/* Begin PBXHeadersBuildPhase section */
		44D5574F1A2E512700168958 /* Headers */ = {
			isa = PBXHeadersBuildPhase;
			buildActionMask = 2147483647;
			files = (
				44287A951A2E699700E90A7B /* OGLTexQuadShader.h in Headers */,
				44287A9C1A2E6B9000E90A7B /* OGLOffscreenRenderer+Protected.h in Headers */,
				44D557581A2E512700168958 /* Ogle.h in Headers */,
				44287A8D1A2E647000E90A7B /* OGLRedundantRemover.h in Headers */,
				44287AA61A2E92BF00E90A7B /* OGLTripleBufferQuads.h in Headers */,
				44287A911A2E678300E90A7B /* OGLShader.h in Headers */,
				44287A991A2E6AD500E90A7B /* OGLOffscreenRenderer.h in Headers */,
				44287AAA1A2E92D000E90A7B /* OGLTripleBufferTexture.h in Headers */,
				44F167981A2F171200C169C9 /* OGLViewController.h in Headers */,
				44D557721A2E534000168958 /* OGLContext.h in Headers */,
				44287A9F1A2E8E4D00E90A7B /* OGLTextureAtlas.h in Headers */,
			);
			runOnlyForDeploymentPostprocessing = 0;
		};
/* End PBXHeadersBuildPhase section */

/* Begin PBXNativeTarget section */
		44D557511A2E512700168958 /* Ogle */ = {
			isa = PBXNativeTarget;
			buildConfigurationList = 44D557681A2E512800168958 /* Build configuration list for PBXNativeTarget "Ogle" */;
			buildPhases = (
				44D5574D1A2E512700168958 /* Sources */,
				44D5574E1A2E512700168958 /* Frameworks */,
				44D5574F1A2E512700168958 /* Headers */,
				44D557501A2E512700168958 /* Resources */,
			);
			buildRules = (
			);
			dependencies = (
			);
			name = Ogle;
			productName = Ogle;
			productReference = 44D557521A2E512700168958 /* Ogle.framework */;
			productType = "com.apple.product-type.framework";
		};
/* End PBXNativeTarget section */

/* Begin PBXProject section */
		44D557491A2E512700168958 /* Project object */ = {
			isa = PBXProject;
			attributes = {
				CLASSPREFIX = OGL;
				LastUpgradeCheck = 0610;
				ORGANIZATIONNAME = "Eduardo Mauricio da Costa";
				TargetAttributes = {
					44D557511A2E512700168958 = {
						CreatedOnToolsVersion = 6.1;
					};
				};
			};
			buildConfigurationList = 44D5574C1A2E512700168958 /* Build configuration list for PBXProject "Ogle" */;
			compatibilityVersion = "Xcode 3.2";
			developmentRegion = English;
			hasScannedForEncodings = 0;
			knownRegions = (
				en,
			);
			mainGroup = 44D557481A2E512700168958;
			productRefGroup = 44D557531A2E512700168958 /* Products */;
			projectDirPath = "";
			projectRoot = "";
			targets = (
				44D557511A2E512700168958 /* Ogle */,
			);
		};
/* End PBXProject section */

/* Begin PBXResourcesBuildPhase section */
		44D557501A2E512700168958 /* Resources */ = {
			isa = PBXResourcesBuildPhase;
			buildActionMask = 2147483647;
			files = (
			);
			runOnlyForDeploymentPostprocessing = 0;
		};
/* End PBXResourcesBuildPhase section */

/* Begin PBXSourcesBuildPhase section */
		44D5574D1A2E512700168958 /* Sources */ = {
			isa = PBXSourcesBuildPhase;
			buildActionMask = 2147483647;
			files = (
				44287AAB1A2E92D000E90A7B /* OGLTripleBufferTexture.m in Sources */,
				44D557731A2E534000168958 /* OGLContext.m in Sources */,
				44F167991A2F171200C169C9 /* OGLViewController.m in Sources */,
				44287A8E1A2E647000E90A7B /* OGLRedundantRemover.m in Sources */,
				44287A961A2E699700E90A7B /* OGLTexQuadShader.m in Sources */,
				44287AA71A2E92BF00E90A7B /* OGLTripleBufferQuads.m in Sources */,
				44287A921A2E678300E90A7B /* OGLShader.m in Sources */,
				44287AA01A2E8E4D00E90A7B /* OGLTextureAtlas.m in Sources */,
				44287A9A1A2E6AD500E90A7B /* OGLOffscreenRenderer.m in Sources */,
			);
			runOnlyForDeploymentPostprocessing = 0;
		};
/* End PBXSourcesBuildPhase section */

/* Begin XCBuildConfiguration section */
		44D557661A2E512800168958 /* Debug */ = {
			isa = XCBuildConfiguration;
			buildSettings = {
				ALWAYS_SEARCH_USER_PATHS = NO;
				CLANG_CXX_LANGUAGE_STANDARD = "gnu++0x";
				CLANG_CXX_LIBRARY = "libc++";
				CLANG_ENABLE_MODULES = YES;
				CLANG_ENABLE_OBJC_ARC = YES;
				CLANG_WARN_BOOL_CONVERSION = YES;
				CLANG_WARN_CONSTANT_CONVERSION = YES;
				CLANG_WARN_DIRECT_OBJC_ISA_USAGE = YES_ERROR;
				CLANG_WARN_EMPTY_BODY = YES;
				CLANG_WARN_ENUM_CONVERSION = YES;
				CLANG_WARN_INT_CONVERSION = YES;
				CLANG_WARN_OBJC_ROOT_CLASS = YES_ERROR;
				CLANG_WARN_UNREACHABLE_CODE = YES;
				CLANG_WARN__DUPLICATE_METHOD_MATCH = YES;
				"CODE_SIGN_IDENTITY[sdk=iphoneos*]" = "iPhone Developer";
				COPY_PHASE_STRIP = NO;
				CURRENT_PROJECT_VERSION = 1;
				ENABLE_STRICT_OBJC_MSGSEND = YES;
				GCC_C_LANGUAGE_STANDARD = gnu99;
				GCC_DYNAMIC_NO_PIC = NO;
				GCC_OPTIMIZATION_LEVEL = 0;
				GCC_PREPROCESSOR_DEFINITIONS = (
					"DEBUG=1",
					"$(inherited)",
				);
				GCC_SYMBOLS_PRIVATE_EXTERN = NO;
				GCC_WARN_64_TO_32_BIT_CONVERSION = YES;
				GCC_WARN_ABOUT_RETURN_TYPE = YES_ERROR;
				GCC_WARN_UNDECLARED_SELECTOR = YES;
				GCC_WARN_UNINITIALIZED_AUTOS = YES_AGGRESSIVE;
				GCC_WARN_UNUSED_FUNCTION = YES;
				GCC_WARN_UNUSED_VARIABLE = YES;
				IPHONEOS_DEPLOYMENT_TARGET = 8.1;
				MTL_ENABLE_DEBUG_INFO = YES;
				ONLY_ACTIVE_ARCH = YES;
				SDKROOT = iphoneos;
				TARGETED_DEVICE_FAMILY = "1,2";
				VERSIONING_SYSTEM = "apple-generic";
				VERSION_INFO_PREFIX = "";
			};
			name = Debug;
		};
		44D557671A2E512800168958 /* Release */ = {
			isa = XCBuildConfiguration;
			buildSettings = {
				ALWAYS_SEARCH_USER_PATHS = NO;
				CLANG_CXX_LANGUAGE_STANDARD = "gnu++0x";
				CLANG_CXX_LIBRARY = "libc++";
				CLANG_ENABLE_MODULES = YES;
				CLANG_ENABLE_OBJC_ARC = YES;
				CLANG_WARN_BOOL_CONVERSION = YES;
				CLANG_WARN_CONSTANT_CONVERSION = YES;
				CLANG_WARN_DIRECT_OBJC_ISA_USAGE = YES_ERROR;
				CLANG_WARN_EMPTY_BODY = YES;
				CLANG_WARN_ENUM_CONVERSION = YES;
				CLANG_WARN_INT_CONVERSION = YES;
				CLANG_WARN_OBJC_ROOT_CLASS = YES_ERROR;
				CLANG_WARN_UNREACHABLE_CODE = YES;
				CLANG_WARN__DUPLICATE_METHOD_MATCH = YES;
				"CODE_SIGN_IDENTITY[sdk=iphoneos*]" = "iPhone Developer";
				COPY_PHASE_STRIP = YES;
				CURRENT_PROJECT_VERSION = 1;
				ENABLE_NS_ASSERTIONS = NO;
				ENABLE_STRICT_OBJC_MSGSEND = YES;
				GCC_C_LANGUAGE_STANDARD = gnu99;
				GCC_WARN_64_TO_32_BIT_CONVERSION = YES;
				GCC_WARN_ABOUT_RETURN_TYPE = YES_ERROR;
				GCC_WARN_UNDECLARED_SELECTOR = YES;
				GCC_WARN_UNINITIALIZED_AUTOS = YES_AGGRESSIVE;
				GCC_WARN_UNUSED_FUNCTION = YES;
				GCC_WARN_UNUSED_VARIABLE = YES;
				IPHONEOS_DEPLOYMENT_TARGET = 8.1;
				MTL_ENABLE_DEBUG_INFO = NO;
				SDKROOT = iphoneos;
				TARGETED_DEVICE_FAMILY = "1,2";
				VALIDATE_PRODUCT = YES;
				VERSIONING_SYSTEM = "apple-generic";
				VERSION_INFO_PREFIX = "";
			};
			name = Release;
		};
		44D557691A2E512800168958 /* Debug */ = {
			isa = XCBuildConfiguration;
			buildSettings = {
				CLANG_WARN_DEPRECATED_OBJC_IMPLEMENTATIONS = YES;
				CLANG_WARN_DOCUMENTATION_COMMENTS = YES;
				CLANG_WARN_OBJC_EXPLICIT_OWNERSHIP_TYPE = YES;
				CLANG_WARN_OBJC_IMPLICIT_ATOMIC_PROPERTIES = YES;
				CLANG_WARN_OBJC_IMPLICIT_RETAIN_SELF = YES;
				DEFINES_MODULE = YES;
				DYLIB_COMPATIBILITY_VERSION = 1;
				DYLIB_CURRENT_VERSION = 1;
				GCC_TREAT_IMPLICIT_FUNCTION_DECLARATIONS_AS_ERRORS = YES;
				GCC_TREAT_INCOMPATIBLE_POINTER_TYPE_WARNINGS_AS_ERRORS = YES;
				GCC_TREAT_WARNINGS_AS_ERRORS = YES;
				GCC_WARN_ABOUT_MISSING_FIELD_INITIALIZERS = YES;
				GCC_WARN_ABOUT_MISSING_PROTOTYPES = YES;
				GCC_WARN_FOUR_CHARACTER_CONSTANTS = YES;
				GCC_WARN_INITIALIZER_NOT_FULLY_BRACKETED = YES;
				GCC_WARN_SHADOW = YES;
				GCC_WARN_UNKNOWN_PRAGMAS = YES;
				GCC_WARN_UNUSED_LABEL = YES;
				INFOPLIST_FILE = Ogle/Info.plist;
				IPHONEOS_DEPLOYMENT_TARGET = 7.0;
				MACH_O_TYPE = staticlib;
				PRODUCT_NAME = "$(TARGET_NAME)";
				SKIP_INSTALL = YES;
				WARNING_CFLAGS = "-Wno-error=#warnings";
			};
			name = Debug;
		};
		44D5576A1A2E512800168958 /* Release */ = {
			isa = XCBuildConfiguration;
			buildSettings = {
				CLANG_WARN_DEPRECATED_OBJC_IMPLEMENTATIONS = YES;
				CLANG_WARN_DOCUMENTATION_COMMENTS = YES;
				CLANG_WARN_OBJC_EXPLICIT_OWNERSHIP_TYPE = YES;
				CLANG_WARN_OBJC_IMPLICIT_ATOMIC_PROPERTIES = YES;
				CLANG_WARN_OBJC_IMPLICIT_RETAIN_SELF = YES;
				DEFINES_MODULE = YES;
				DYLIB_COMPATIBILITY_VERSION = 1;
				DYLIB_CURRENT_VERSION = 1;
				GCC_TREAT_IMPLICIT_FUNCTION_DECLARATIONS_AS_ERRORS = YES;
				GCC_TREAT_INCOMPATIBLE_POINTER_TYPE_WARNINGS_AS_ERRORS = YES;
				GCC_TREAT_WARNINGS_AS_ERRORS = YES;
				GCC_WARN_ABOUT_MISSING_FIELD_INITIALIZERS = YES;
				GCC_WARN_ABOUT_MISSING_PROTOTYPES = YES;
				GCC_WARN_FOUR_CHARACTER_CONSTANTS = YES;
				GCC_WARN_INITIALIZER_NOT_FULLY_BRACKETED = YES;
				GCC_WARN_SHADOW = YES;
				GCC_WARN_UNKNOWN_PRAGMAS = YES;
				GCC_WARN_UNUSED_LABEL = YES;
				INFOPLIST_FILE = Ogle/Info.plist;
				IPHONEOS_DEPLOYMENT_TARGET = 7.0;
				MACH_O_TYPE = staticlib;
				PRODUCT_NAME = "$(TARGET_NAME)";
				SKIP_INSTALL = YES;
				WARNING_CFLAGS = "-Wno-error=#warnings";
			};
			name = Release;
		};
/* End XCBuildConfiguration section */

/* Begin XCConfigurationList section */
		44D5574C1A2E512700168958 /* Build configuration list for PBXProject "Ogle" */ = {
			isa = XCConfigurationList;
			buildConfigurations = (
				44D557661A2E512800168958 /* Debug */,
				44D557671A2E512800168958 /* Release */,
			);
			defaultConfigurationIsVisible = 0;
			defaultConfigurationName = Release;
		};
		44D557681A2E512800168958 /* Build configuration list for PBXNativeTarget "Ogle" */ = {
			isa = XCConfigurationList;
			buildConfigurations = (
				44D557691A2E512800168958 /* Debug */,
				44D5576A1A2E512800168958 /* Release */,
			);
			defaultConfigurationIsVisible = 0;
			defaultConfigurationName = Release;
		};
/* End XCConfigurationList section */
	};
	rootObject = 44D557491A2E512700168958 /* Project object */;
}
